{
  "name": "figus-master",
  "lockfileVersion": 3,
  "requires": true,
  "packages": {
    "": {
      "dependencies": {
        "mongoose-paginate-v2": "^1.8.1"
      }
    },
    "node_modules/mongoose-paginate-v2": {
      "version": "1.8.1",
      "resolved": "https://registry.npmjs.org/mongoose-paginate-v2/-/mongoose-paginate-v2-1.8.1.tgz",
      "integrity": "sha512-6CbkBnqnpnAPH/HSOsTL/70hg0N1/zWXB4DXlSA0Wz+wLd/tjDvI7vfqbaQqLt2yfqgv2Eb1Lf7cY33Ws2HqBw==",
      "engines": {
        "node": ">=4.0.0"
      }
    }
  }
}
